// !$*UTF8*$!
{
	archiveVersion = 1;
	classes = {
	};
	objectVersion = 46;
	objects = {

/* Begin PBXBuildFile section */
		B12408331B3024D900967513 /* WhenMenuButton1TableViewCell.m in Sources */ = {isa = PBXBuildFile; fileRef = B12408321B3024D900967513 /* WhenMenuButton1TableViewCell.m */; };
		B12408361B3024F100967513 /* WhenMenuButton2TableViewCell.m in Sources */ = {isa = PBXBuildFile; fileRef = B12408351B3024F100967513 /* WhenMenuButton2TableViewCell.m */; };
		B12408391B30250100967513 /* WhenMenuButton3TableViewCell.m in Sources */ = {isa = PBXBuildFile; fileRef = B12408381B30250100967513 /* WhenMenuButton3TableViewCell.m */; };
		B124083C1B30251000967513 /* WhenMenuButton4TableViewCell.m in Sources */ = {isa = PBXBuildFile; fileRef = B124083B1B30251000967513 /* WhenMenuButton4TableViewCell.m */; };
		B124083F1B3025C200967513 /* WhereAutoCompleteTableViewCell.m in Sources */ = {isa = PBXBuildFile; fileRef = B124083E1B3025C200967513 /* WhereAutoCompleteTableViewCell.m */; };
		B12408421B3026AB00967513 /* WhereMenuButtonTableViewCell.m in Sources */ = {isa = PBXBuildFile; fileRef = B12408411B3026AB00967513 /* WhereMenuButtonTableViewCell.m */; };
		B128E8301B6B99B500DD368D /* Gathr Logo.png in Resources */ = {isa = PBXBuildFile; fileRef = B128E82F1B6B99B500DD368D /* Gathr Logo.png */; };
		B128E8351B6B9AE400DD368D /* FBSDKCoreKit.framework in Frameworks */ = {isa = PBXBuildFile; fileRef = B128E8321B6B9AE400DD368D /* FBSDKCoreKit.framework */; };
		B128E8361B6B9AE400DD368D /* FBSDKLoginKit.framework in Frameworks */ = {isa = PBXBuildFile; fileRef = B128E8331B6B9AE400DD368D /* FBSDKLoginKit.framework */; };
		B128E8371B6B9AE400DD368D /* FBSDKShareKit.framework in Frameworks */ = {isa = PBXBuildFile; fileRef = B128E8341B6B9AE400DD368D /* FBSDKShareKit.framework */; };
		B128E83B1B6B9E9100DD368D /* InitialViewController.m in Sources */ = {isa = PBXBuildFile; fileRef = B128E83A1B6B9E9100DD368D /* InitialViewController.m */; };
		B12F0FF21B5E1B19004037BB /* WhoViewController.m in Sources */ = {isa = PBXBuildFile; fileRef = B12F0FF11B5E1B19004037BB /* WhoViewController.m */; };
		B130A98A1B0B2C7D0063A394 /* Karla-Bold.ttf in Resources */ = {isa = PBXBuildFile; fileRef = B130A9861B0B2C7D0063A394 /* Karla-Bold.ttf */; };
		B130A98B1B0B2C7D0063A394 /* Karla-BoldItalic.ttf in Resources */ = {isa = PBXBuildFile; fileRef = B130A9871B0B2C7D0063A394 /* Karla-BoldItalic.ttf */; };
		B130A98C1B0B2C7D0063A394 /* Karla-Italic.ttf in Resources */ = {isa = PBXBuildFile; fileRef = B130A9881B0B2C7D0063A394 /* Karla-Italic.ttf */; };
		B130A98D1B0B2C7D0063A394 /* Karla-Regular.ttf in Resources */ = {isa = PBXBuildFile; fileRef = B130A9891B0B2C7D0063A394 /* Karla-Regular.ttf */; };
		B130A9901B0B37880063A394 /* MenuButton1TableViewCell.m in Sources */ = {isa = PBXBuildFile; fileRef = B130A98F1B0B37880063A394 /* MenuButton1TableViewCell.m */; };
		B13177381B1F0D360059EF88 /* MenuButton2TableViewCell.m in Sources */ = {isa = PBXBuildFile; fileRef = B13177371B1F0D360059EF88 /* MenuButton2TableViewCell.m */; };
		B131773B1B1F0D470059EF88 /* MenuButton3TableViewCell.m in Sources */ = {isa = PBXBuildFile; fileRef = B131773A1B1F0D470059EF88 /* MenuButton3TableViewCell.m */; };
		B1406E791B0377D80087FE6C /* main.m in Sources */ = {isa = PBXBuildFile; fileRef = B1406E781B0377D80087FE6C /* main.m */; };
		B1406E7C1B0377D80087FE6C /* AppDelegate.m in Sources */ = {isa = PBXBuildFile; fileRef = B1406E7B1B0377D80087FE6C /* AppDelegate.m */; };
		B1406E7F1B0377D80087FE6C /* WhatWhereWhenViewController.m in Sources */ = {isa = PBXBuildFile; fileRef = B1406E7E1B0377D80087FE6C /* WhatWhereWhenViewController.m */; };
		B1406E821B0377D80087FE6C /* Main.storyboard in Resources */ = {isa = PBXBuildFile; fileRef = B1406E801B0377D80087FE6C /* Main.storyboard */; };
		B1406E841B0377D80087FE6C /* Images.xcassets in Resources */ = {isa = PBXBuildFile; fileRef = B1406E831B0377D80087FE6C /* Images.xcassets */; };
		B1406E871B0377D80087FE6C /* LaunchScreen.xib in Resources */ = {isa = PBXBuildFile; fileRef = B1406E851B0377D80087FE6C /* LaunchScreen.xib */; };
		B1406E931B0377D80087FE6C /* GathrTests.m in Sources */ = {isa = PBXBuildFile; fileRef = B1406E921B0377D80087FE6C /* GathrTests.m */; };
		B15D135D1B1C2ACC004ACFA6 /* AutoCompleteTableViewCell.m in Sources */ = {isa = PBXBuildFile; fileRef = B15D135C1B1C2ACC004ACFA6 /* AutoCompleteTableViewCell.m */; };
		B1783FF21B6647E200B41C22 /* FriendsAutoCompleteTableViewCell.m in Sources */ = {isa = PBXBuildFile; fileRef = B1783FF11B6647E200B41C22 /* FriendsAutoCompleteTableViewCell.m */; };
		B1D1762B1B579EF7004FEAD7 /* CoreLocation.framework in Frameworks */ = {isa = PBXBuildFile; fileRef = B1D1762A1B579EF7004FEAD7 /* CoreLocation.framework */; };
		B1D176341B579F0A004FEAD7 /* SPGooglePlacesAutocompletePlace.m in Sources */ = {isa = PBXBuildFile; fileRef = B1D1762D1B579F0A004FEAD7 /* SPGooglePlacesAutocompletePlace.m */; };
		B1D176351B579F0A004FEAD7 /* SPGooglePlacesAutocompleteQuery.m in Sources */ = {isa = PBXBuildFile; fileRef = B1D1762F1B579F0A004FEAD7 /* SPGooglePlacesAutocompleteQuery.m */; };
		B1D176361B579F0A004FEAD7 /* SPGooglePlacesAutocompleteUtilities.m in Sources */ = {isa = PBXBuildFile; fileRef = B1D176311B579F0A004FEAD7 /* SPGooglePlacesAutocompleteUtilities.m */; };
		B1D176371B579F0A004FEAD7 /* SPGooglePlacesPlaceDetailQuery.m in Sources */ = {isa = PBXBuildFile; fileRef = B1D176331B579F0A004FEAD7 /* SPGooglePlacesPlaceDetailQuery.m */; };
		B1F25BC31B68FF9200F4E032 /* RideTheWaveButton1TableViewCell.m in Sources */ = {isa = PBXBuildFile; fileRef = B1F25BC21B68FF9200F4E032 /* RideTheWaveButton1TableViewCell.m */; };
		B1F25BC61B69059700F4E032 /* RideTheWaveButton2TableViewCell.m in Sources */ = {isa = PBXBuildFile; fileRef = B1F25BC51B69059700F4E032 /* RideTheWaveButton2TableViewCell.m */; };
/* End PBXBuildFile section */

/* Begin PBXContainerItemProxy section */
		B1406E8D1B0377D80087FE6C /* PBXContainerItemProxy */ = {
			isa = PBXContainerItemProxy;
			containerPortal = B1406E6B1B0377D80087FE6C /* Project object */;
			proxyType = 1;
			remoteGlobalIDString = B1406E721B0377D80087FE6C;
			remoteInfo = Gathr;
		};
/* End PBXContainerItemProxy section */

/* Begin PBXFileReference section */
		B12408311B3024D900967513 /* WhenMenuButton1TableViewCell.h */ = {isa = PBXFileReference; fileEncoding = 4; lastKnownFileType = sourcecode.c.h; path = WhenMenuButton1TableViewCell.h; sourceTree = "<group>"; };
		B12408321B3024D900967513 /* WhenMenuButton1TableViewCell.m */ = {isa = PBXFileReference; fileEncoding = 4; lastKnownFileType = sourcecode.c.objc; path = WhenMenuButton1TableViewCell.m; sourceTree = "<group>"; };
		B12408341B3024F100967513 /* WhenMenuButton2TableViewCell.h */ = {isa = PBXFileReference; fileEncoding = 4; lastKnownFileType = sourcecode.c.h; path = WhenMenuButton2TableViewCell.h; sourceTree = "<group>"; };
		B12408351B3024F100967513 /* WhenMenuButton2TableViewCell.m */ = {isa = PBXFileReference; fileEncoding = 4; lastKnownFileType = sourcecode.c.objc; path = WhenMenuButton2TableViewCell.m; sourceTree = "<group>"; };
		B12408371B30250100967513 /* WhenMenuButton3TableViewCell.h */ = {isa = PBXFileReference; fileEncoding = 4; lastKnownFileType = sourcecode.c.h; path = WhenMenuButton3TableViewCell.h; sourceTree = "<group>"; };
		B12408381B30250100967513 /* WhenMenuButton3TableViewCell.m */ = {isa = PBXFileReference; fileEncoding = 4; lastKnownFileType = sourcecode.c.objc; path = WhenMenuButton3TableViewCell.m; sourceTree = "<group>"; };
		B124083A1B30251000967513 /* WhenMenuButton4TableViewCell.h */ = {isa = PBXFileReference; fileEncoding = 4; lastKnownFileType = sourcecode.c.h; path = WhenMenuButton4TableViewCell.h; sourceTree = "<group>"; };
		B124083B1B30251000967513 /* WhenMenuButton4TableViewCell.m */ = {isa = PBXFileReference; fileEncoding = 4; lastKnownFileType = sourcecode.c.objc; path = WhenMenuButton4TableViewCell.m; sourceTree = "<group>"; };
		B124083D1B3025C200967513 /* WhereAutoCompleteTableViewCell.h */ = {isa = PBXFileReference; fileEncoding = 4; lastKnownFileType = sourcecode.c.h; path = WhereAutoCompleteTableViewCell.h; sourceTree = "<group>"; };
		B124083E1B3025C200967513 /* WhereAutoCompleteTableViewCell.m */ = {isa = PBXFileReference; fileEncoding = 4; lastKnownFileType = sourcecode.c.objc; path = WhereAutoCompleteTableViewCell.m; sourceTree = "<group>"; };
		B12408401B3026AB00967513 /* WhereMenuButtonTableViewCell.h */ = {isa = PBXFileReference; fileEncoding = 4; lastKnownFileType = sourcecode.c.h; path = WhereMenuButtonTableViewCell.h; sourceTree = "<group>"; };
		B12408411B3026AB00967513 /* WhereMenuButtonTableViewCell.m */ = {isa = PBXFileReference; fileEncoding = 4; lastKnownFileType = sourcecode.c.objc; path = WhereMenuButtonTableViewCell.m; sourceTree = "<group>"; };
		B128E82F1B6B99B500DD368D /* Gathr Logo.png */ = {isa = PBXFileReference; lastKnownFileType = image.png; name = "Gathr Logo.png"; path = "../../../Desktop/Gathr/Gathr Logo.png"; sourceTree = "<group>"; };
		B128E8321B6B9AE400DD368D /* FBSDKCoreKit.framework */ = {isa = PBXFileReference; lastKnownFileType = wrapper.framework; name = FBSDKCoreKit.framework; path = ../../FacebookSDK/FBSDKCoreKit.framework; sourceTree = "<group>"; };
		B128E8331B6B9AE400DD368D /* FBSDKLoginKit.framework */ = {isa = PBXFileReference; lastKnownFileType = wrapper.framework; name = FBSDKLoginKit.framework; path = ../../FacebookSDK/FBSDKLoginKit.framework; sourceTree = "<group>"; };
		B128E8341B6B9AE400DD368D /* FBSDKShareKit.framework */ = {isa = PBXFileReference; lastKnownFileType = wrapper.framework; name = FBSDKShareKit.framework; path = ../../FacebookSDK/FBSDKShareKit.framework; sourceTree = "<group>"; };
		B128E8391B6B9E9100DD368D /* InitialViewController.h */ = {isa = PBXFileReference; fileEncoding = 4; lastKnownFileType = sourcecode.c.h; path = InitialViewController.h; sourceTree = "<group>"; };
		B128E83A1B6B9E9100DD368D /* InitialViewController.m */ = {isa = PBXFileReference; fileEncoding = 4; lastKnownFileType = sourcecode.c.objc; path = InitialViewController.m; sourceTree = "<group>"; };
		B12F0FF01B5E1B19004037BB /* WhoViewController.h */ = {isa = PBXFileReference; fileEncoding = 4; lastKnownFileType = sourcecode.c.h; path = WhoViewController.h; sourceTree = "<group>"; };
		B12F0FF11B5E1B19004037BB /* WhoViewController.m */ = {isa = PBXFileReference; fileEncoding = 4; lastKnownFileType = sourcecode.c.objc; path = WhoViewController.m; sourceTree = "<group>"; };
		B130A9861B0B2C7D0063A394 /* Karla-Bold.ttf */ = {isa = PBXFileReference; lastKnownFileType = file; path = "Karla-Bold.ttf"; sourceTree = "<group>"; };
		B130A9871B0B2C7D0063A394 /* Karla-BoldItalic.ttf */ = {isa = PBXFileReference; lastKnownFileType = file; path = "Karla-BoldItalic.ttf"; sourceTree = "<group>"; };
		B130A9881B0B2C7D0063A394 /* Karla-Italic.ttf */ = {isa = PBXFileReference; lastKnownFileType = file; path = "Karla-Italic.ttf"; sourceTree = "<group>"; };
		B130A9891B0B2C7D0063A394 /* Karla-Regular.ttf */ = {isa = PBXFileReference; lastKnownFileType = file; path = "Karla-Regular.ttf"; sourceTree = "<group>"; };
		B130A98E1B0B37880063A394 /* MenuButton1TableViewCell.h */ = {isa = PBXFileReference; fileEncoding = 4; lastKnownFileType = sourcecode.c.h; path = MenuButton1TableViewCell.h; sourceTree = "<group>"; };
		B130A98F1B0B37880063A394 /* MenuButton1TableViewCell.m */ = {isa = PBXFileReference; fileEncoding = 4; lastKnownFileType = sourcecode.c.objc; path = MenuButton1TableViewCell.m; sourceTree = "<group>"; };
		B13177361B1F0D360059EF88 /* MenuButton2TableViewCell.h */ = {isa = PBXFileReference; fileEncoding = 4; lastKnownFileType = sourcecode.c.h; path = MenuButton2TableViewCell.h; sourceTree = "<group>"; };
		B13177371B1F0D360059EF88 /* MenuButton2TableViewCell.m */ = {isa = PBXFileReference; fileEncoding = 4; lastKnownFileType = sourcecode.c.objc; path = MenuButton2TableViewCell.m; sourceTree = "<group>"; };
		B13177391B1F0D470059EF88 /* MenuButton3TableViewCell.h */ = {isa = PBXFileReference; fileEncoding = 4; lastKnownFileType = sourcecode.c.h; path = MenuButton3TableViewCell.h; sourceTree = "<group>"; };
		B131773A1B1F0D470059EF88 /* MenuButton3TableViewCell.m */ = {isa = PBXFileReference; fileEncoding = 4; lastKnownFileType = sourcecode.c.objc; path = MenuButton3TableViewCell.m; sourceTree = "<group>"; };
		B1406E731B0377D80087FE6C /* Gathr.app */ = {isa = PBXFileReference; explicitFileType = wrapper.application; includeInIndex = 0; path = Gathr.app; sourceTree = BUILT_PRODUCTS_DIR; };
		B1406E771B0377D80087FE6C /* Info.plist */ = {isa = PBXFileReference; lastKnownFileType = text.plist.xml; path = Info.plist; sourceTree = "<group>"; };
		B1406E781B0377D80087FE6C /* main.m */ = {isa = PBXFileReference; lastKnownFileType = sourcecode.c.objc; path = main.m; sourceTree = "<group>"; };
		B1406E7A1B0377D80087FE6C /* AppDelegate.h */ = {isa = PBXFileReference; lastKnownFileType = sourcecode.c.h; path = AppDelegate.h; sourceTree = "<group>"; };
		B1406E7B1B0377D80087FE6C /* AppDelegate.m */ = {isa = PBXFileReference; lastKnownFileType = sourcecode.c.objc; path = AppDelegate.m; sourceTree = "<group>"; };
		B1406E7D1B0377D80087FE6C /* WhatWhereWhenViewController.h */ = {isa = PBXFileReference; lastKnownFileType = sourcecode.c.h; path = WhatWhereWhenViewController.h; sourceTree = "<group>"; };
		B1406E7E1B0377D80087FE6C /* WhatWhereWhenViewController.m */ = {isa = PBXFileReference; lastKnownFileType = sourcecode.c.objc; path = WhatWhereWhenViewController.m; sourceTree = "<group>"; };
		B1406E811B0377D80087FE6C /* Base */ = {isa = PBXFileReference; lastKnownFileType = file.storyboard; name = Base; path = Base.lproj/Main.storyboard; sourceTree = "<group>"; };
		B1406E831B0377D80087FE6C /* Images.xcassets */ = {isa = PBXFileReference; lastKnownFileType = folder.assetcatalog; path = Images.xcassets; sourceTree = "<group>"; };
		B1406E861B0377D80087FE6C /* Base */ = {isa = PBXFileReference; lastKnownFileType = file.xib; name = Base; path = Base.lproj/LaunchScreen.xib; sourceTree = "<group>"; };
		B1406E8C1B0377D80087FE6C /* GathrTests.xctest */ = {isa = PBXFileReference; explicitFileType = wrapper.cfbundle; includeInIndex = 0; path = GathrTests.xctest; sourceTree = BUILT_PRODUCTS_DIR; };
		B1406E911B0377D80087FE6C /* Info.plist */ = {isa = PBXFileReference; lastKnownFileType = text.plist.xml; path = Info.plist; sourceTree = "<group>"; };
		B1406E921B0377D80087FE6C /* GathrTests.m */ = {isa = PBXFileReference; lastKnownFileType = sourcecode.c.objc; path = GathrTests.m; sourceTree = "<group>"; };
		B15D135B1B1C2ACC004ACFA6 /* AutoCompleteTableViewCell.h */ = {isa = PBXFileReference; fileEncoding = 4; lastKnownFileType = sourcecode.c.h; path = AutoCompleteTableViewCell.h; sourceTree = "<group>"; };
		B15D135C1B1C2ACC004ACFA6 /* AutoCompleteTableViewCell.m */ = {isa = PBXFileReference; fileEncoding = 4; lastKnownFileType = sourcecode.c.objc; path = AutoCompleteTableViewCell.m; sourceTree = "<group>"; };
		B1783FF01B6647E200B41C22 /* FriendsAutoCompleteTableViewCell.h */ = {isa = PBXFileReference; fileEncoding = 4; lastKnownFileType = sourcecode.c.h; path = FriendsAutoCompleteTableViewCell.h; sourceTree = "<group>"; };
		B1783FF11B6647E200B41C22 /* FriendsAutoCompleteTableViewCell.m */ = {isa = PBXFileReference; fileEncoding = 4; lastKnownFileType = sourcecode.c.objc; path = FriendsAutoCompleteTableViewCell.m; sourceTree = "<group>"; };
		B1D1762A1B579EF7004FEAD7 /* CoreLocation.framework */ = {isa = PBXFileReference; lastKnownFileType = wrapper.framework; name = CoreLocation.framework; path = System/Library/Frameworks/CoreLocation.framework; sourceTree = SDKROOT; };
		B1D1762C1B579F0A004FEAD7 /* SPGooglePlacesAutocompletePlace.h */ = {isa = PBXFileReference; fileEncoding = 4; lastKnownFileType = sourcecode.c.h; name = SPGooglePlacesAutocompletePlace.h; path = "../../../Downloads/SPGooglePlacesAutocomplete-master/SPGooglePlacesAutocomplete/SPGooglePlacesAutocompletePlace.h"; sourceTree = "<group>"; };
		B1D1762D1B579F0A004FEAD7 /* SPGooglePlacesAutocompletePlace.m */ = {isa = PBXFileReference; fileEncoding = 4; lastKnownFileType = sourcecode.c.objc; name = SPGooglePlacesAutocompletePlace.m; path = "../../../Downloads/SPGooglePlacesAutocomplete-master/SPGooglePlacesAutocomplete/SPGooglePlacesAutocompletePlace.m"; sourceTree = "<group>"; };
		B1D1762E1B579F0A004FEAD7 /* SPGooglePlacesAutocompleteQuery.h */ = {isa = PBXFileReference; fileEncoding = 4; lastKnownFileType = sourcecode.c.h; name = SPGooglePlacesAutocompleteQuery.h; path = "../../../Downloads/SPGooglePlacesAutocomplete-master/SPGooglePlacesAutocomplete/SPGooglePlacesAutocompleteQuery.h"; sourceTree = "<group>"; };
		B1D1762F1B579F0A004FEAD7 /* SPGooglePlacesAutocompleteQuery.m */ = {isa = PBXFileReference; fileEncoding = 4; lastKnownFileType = sourcecode.c.objc; name = SPGooglePlacesAutocompleteQuery.m; path = "../../../Downloads/SPGooglePlacesAutocomplete-master/SPGooglePlacesAutocomplete/SPGooglePlacesAutocompleteQuery.m"; sourceTree = "<group>"; };
		B1D176301B579F0A004FEAD7 /* SPGooglePlacesAutocompleteUtilities.h */ = {isa = PBXFileReference; fileEncoding = 4; lastKnownFileType = sourcecode.c.h; name = SPGooglePlacesAutocompleteUtilities.h; path = "../../../Downloads/SPGooglePlacesAutocomplete-master/SPGooglePlacesAutocomplete/SPGooglePlacesAutocompleteUtilities.h"; sourceTree = "<group>"; };
		B1D176311B579F0A004FEAD7 /* SPGooglePlacesAutocompleteUtilities.m */ = {isa = PBXFileReference; fileEncoding = 4; lastKnownFileType = sourcecode.c.objc; name = SPGooglePlacesAutocompleteUtilities.m; path = "../../../Downloads/SPGooglePlacesAutocomplete-master/SPGooglePlacesAutocomplete/SPGooglePlacesAutocompleteUtilities.m"; sourceTree = "<group>"; };
		B1D176321B579F0A004FEAD7 /* SPGooglePlacesPlaceDetailQuery.h */ = {isa = PBXFileReference; fileEncoding = 4; lastKnownFileType = sourcecode.c.h; name = SPGooglePlacesPlaceDetailQuery.h; path = "../../../Downloads/SPGooglePlacesAutocomplete-master/SPGooglePlacesAutocomplete/SPGooglePlacesPlaceDetailQuery.h"; sourceTree = "<group>"; };
		B1D176331B579F0A004FEAD7 /* SPGooglePlacesPlaceDetailQuery.m */ = {isa = PBXFileReference; fileEncoding = 4; lastKnownFileType = sourcecode.c.objc; name = SPGooglePlacesPlaceDetailQuery.m; path = "../../../Downloads/SPGooglePlacesAutocomplete-master/SPGooglePlacesAutocomplete/SPGooglePlacesPlaceDetailQuery.m"; sourceTree = "<group>"; };
		B1F25BC11B68FF9200F4E032 /* RideTheWaveButton1TableViewCell.h */ = {isa = PBXFileReference; fileEncoding = 4; lastKnownFileType = sourcecode.c.h; path = RideTheWaveButton1TableViewCell.h; sourceTree = "<group>"; };
		B1F25BC21B68FF9200F4E032 /* RideTheWaveButton1TableViewCell.m */ = {isa = PBXFileReference; fileEncoding = 4; lastKnownFileType = sourcecode.c.objc; path = RideTheWaveButton1TableViewCell.m; sourceTree = "<group>"; };
		B1F25BC41B69059700F4E032 /* RideTheWaveButton2TableViewCell.h */ = {isa = PBXFileReference; fileEncoding = 4; lastKnownFileType = sourcecode.c.h; path = RideTheWaveButton2TableViewCell.h; sourceTree = "<group>"; };
		B1F25BC51B69059700F4E032 /* RideTheWaveButton2TableViewCell.m */ = {isa = PBXFileReference; fileEncoding = 4; lastKnownFileType = sourcecode.c.objc; path = RideTheWaveButton2TableViewCell.m; sourceTree = "<group>"; };
/* End PBXFileReference section */

/* Begin PBXFrameworksBuildPhase section */
		B1406E701B0377D80087FE6C /* Frameworks */ = {
			isa = PBXFrameworksBuildPhase;
			buildActionMask = 2147483647;
			files = (
				B128E8371B6B9AE400DD368D /* FBSDKShareKit.framework in Frameworks */,
				B1D1762B1B579EF7004FEAD7 /* CoreLocation.framework in Frameworks */,
				B128E8351B6B9AE400DD368D /* FBSDKCoreKit.framework in Frameworks */,
				B128E8361B6B9AE400DD368D /* FBSDKLoginKit.framework in Frameworks */,
			);
			runOnlyForDeploymentPostprocessing = 0;
		};
		B1406E891B0377D80087FE6C /* Frameworks */ = {
			isa = PBXFrameworksBuildPhase;
			buildActionMask = 2147483647;
			files = (
			);
			runOnlyForDeploymentPostprocessing = 0;
		};
/* End PBXFrameworksBuildPhase section */

/* Begin PBXGroup section */
		B12408431B3028C100967513 /* TableViewCells */ = {
			isa = PBXGroup;
			children = (
				B130A98E1B0B37880063A394 /* MenuButton1TableViewCell.h */,
				B130A98F1B0B37880063A394 /* MenuButton1TableViewCell.m */,
				B13177361B1F0D360059EF88 /* MenuButton2TableViewCell.h */,
				B13177371B1F0D360059EF88 /* MenuButton2TableViewCell.m */,
				B13177391B1F0D470059EF88 /* MenuButton3TableViewCell.h */,
				B131773A1B1F0D470059EF88 /* MenuButton3TableViewCell.m */,
				B15D135B1B1C2ACC004ACFA6 /* AutoCompleteTableViewCell.h */,
				B15D135C1B1C2ACC004ACFA6 /* AutoCompleteTableViewCell.m */,
				B12408401B3026AB00967513 /* WhereMenuButtonTableViewCell.h */,
				B12408411B3026AB00967513 /* WhereMenuButtonTableViewCell.m */,
				B124083D1B3025C200967513 /* WhereAutoCompleteTableViewCell.h */,
				B124083E1B3025C200967513 /* WhereAutoCompleteTableViewCell.m */,
				B12408311B3024D900967513 /* WhenMenuButton1TableViewCell.h */,
				B12408321B3024D900967513 /* WhenMenuButton1TableViewCell.m */,
				B12408341B3024F100967513 /* WhenMenuButton2TableViewCell.h */,
				B12408351B3024F100967513 /* WhenMenuButton2TableViewCell.m */,
				B12408371B30250100967513 /* WhenMenuButton3TableViewCell.h */,
				B12408381B30250100967513 /* WhenMenuButton3TableViewCell.m */,
				B124083A1B30251000967513 /* WhenMenuButton4TableViewCell.h */,
				B124083B1B30251000967513 /* WhenMenuButton4TableViewCell.m */,
				B1783FF01B6647E200B41C22 /* FriendsAutoCompleteTableViewCell.h */,
				B1783FF11B6647E200B41C22 /* FriendsAutoCompleteTableViewCell.m */,
				B1F25BC11B68FF9200F4E032 /* RideTheWaveButton1TableViewCell.h */,
				B1F25BC21B68FF9200F4E032 /* RideTheWaveButton1TableViewCell.m */,
				B1F25BC41B69059700F4E032 /* RideTheWaveButton2TableViewCell.h */,
				B1F25BC51B69059700F4E032 /* RideTheWaveButton2TableViewCell.m */,
			);
			name = TableViewCells;
			sourceTree = "<group>";
		};
		B128E8311B6B99BD00DD368D /* Images */ = {
			isa = PBXGroup;
			children = (
				B128E82F1B6B99B500DD368D /* Gathr Logo.png */,
			);
			name = Images;
			sourceTree = "<group>";
		};
		B128E8381B6B9AED00DD368D /* Facebook SDK */ = {
			isa = PBXGroup;
			children = (
				B128E8321B6B9AE400DD368D /* FBSDKCoreKit.framework */,
				B128E8331B6B9AE400DD368D /* FBSDKLoginKit.framework */,
				B128E8341B6B9AE400DD368D /* FBSDKShareKit.framework */,
			);
			name = "Facebook SDK";
			sourceTree = "<group>";
		};
		B12BA27C1B0B2AAB00998235 /* Fonts */ = {
			isa = PBXGroup;
			children = (
				B130A9861B0B2C7D0063A394 /* Karla-Bold.ttf */,
				B130A9871B0B2C7D0063A394 /* Karla-BoldItalic.ttf */,
				B130A9881B0B2C7D0063A394 /* Karla-Italic.ttf */,
				B130A9891B0B2C7D0063A394 /* Karla-Regular.ttf */,
			);
			name = Fonts;
			sourceTree = "<group>";
		};
		B1406E6A1B0377D80087FE6C = {
			isa = PBXGroup;
			children = (
				B1406E751B0377D80087FE6C /* Gathr */,
				B1406E8F1B0377D80087FE6C /* GathrTests */,
				B1406E741B0377D80087FE6C /* Products */,
			);
			sourceTree = "<group>";
		};
		B1406E741B0377D80087FE6C /* Products */ = {
			isa = PBXGroup;
			children = (
				B1406E731B0377D80087FE6C /* Gathr.app */,
				B1406E8C1B0377D80087FE6C /* GathrTests.xctest */,
			);
			name = Products;
			sourceTree = "<group>";
		};
		B1406E751B0377D80087FE6C /* Gathr */ = {
			isa = PBXGroup;
			children = (
				B128E8381B6B9AED00DD368D /* Facebook SDK */,
				B128E8311B6B99BD00DD368D /* Images */,
				B1D176381B579F11004FEAD7 /* SP Google Place */,
				B12BA27C1B0B2AAB00998235 /* Fonts */,
				B1406E7A1B0377D80087FE6C /* AppDelegate.h */,
				B1406E7B1B0377D80087FE6C /* AppDelegate.m */,
				B128E8391B6B9E9100DD368D /* InitialViewController.h */,
				B128E83A1B6B9E9100DD368D /* InitialViewController.m */,
				B12F0FF01B5E1B19004037BB /* WhoViewController.h */,
				B12F0FF11B5E1B19004037BB /* WhoViewController.m */,
				B1406E7D1B0377D80087FE6C /* WhatWhereWhenViewController.h */,
				B1406E7E1B0377D80087FE6C /* WhatWhereWhenViewController.m */,
				B12408431B3028C100967513 /* TableViewCells */,
				B1406E801B0377D80087FE6C /* Main.storyboard */,
				B1406E831B0377D80087FE6C /* Images.xcassets */,
				B1406E851B0377D80087FE6C /* LaunchScreen.xib */,
				B1406E761B0377D80087FE6C /* Supporting Files */,
			);
			path = Gathr;
			sourceTree = "<group>";
		};
		B1406E761B0377D80087FE6C /* Supporting Files */ = {
			isa = PBXGroup;
			children = (
				B1D1762A1B579EF7004FEAD7 /* CoreLocation.framework */,
				B1406E771B0377D80087FE6C /* Info.plist */,
				B1406E781B0377D80087FE6C /* main.m */,
			);
			name = "Supporting Files";
			sourceTree = "<group>";
		};
		B1406E8F1B0377D80087FE6C /* GathrTests */ = {
			isa = PBXGroup;
			children = (
				B1406E921B0377D80087FE6C /* GathrTests.m */,
				B1406E901B0377D80087FE6C /* Supporting Files */,
			);
			path = GathrTests;
			sourceTree = "<group>";
		};
		B1406E901B0377D80087FE6C /* Supporting Files */ = {
			isa = PBXGroup;
			children = (
				B1406E911B0377D80087FE6C /* Info.plist */,
			);
			name = "Supporting Files";
			sourceTree = "<group>";
		};
		B1D176381B579F11004FEAD7 /* SP Google Place */ = {
			isa = PBXGroup;
			children = (
				B1D1762C1B579F0A004FEAD7 /* SPGooglePlacesAutocompletePlace.h */,
				B1D1762D1B579F0A004FEAD7 /* SPGooglePlacesAutocompletePlace.m */,
				B1D1762E1B579F0A004FEAD7 /* SPGooglePlacesAutocompleteQuery.h */,
				B1D1762F1B579F0A004FEAD7 /* SPGooglePlacesAutocompleteQuery.m */,
				B1D176301B579F0A004FEAD7 /* SPGooglePlacesAutocompleteUtilities.h */,
				B1D176311B579F0A004FEAD7 /* SPGooglePlacesAutocompleteUtilities.m */,
				B1D176321B579F0A004FEAD7 /* SPGooglePlacesPlaceDetailQuery.h */,
				B1D176331B579F0A004FEAD7 /* SPGooglePlacesPlaceDetailQuery.m */,
			);
			name = "SP Google Place";
			sourceTree = "<group>";
		};
/* End PBXGroup section */

/* Begin PBXNativeTarget section */
		B1406E721B0377D80087FE6C /* Gathr */ = {
			isa = PBXNativeTarget;
			buildConfigurationList = B1406E961B0377D80087FE6C /* Build configuration list for PBXNativeTarget "Gathr" */;
			buildPhases = (
				B1406E6F1B0377D80087FE6C /* Sources */,
				B1406E701B0377D80087FE6C /* Frameworks */,
				B1406E711B0377D80087FE6C /* Resources */,
			);
			buildRules = (
			);
			dependencies = (
			);
			name = Gathr;
			productName = Gathr;
			productReference = B1406E731B0377D80087FE6C /* Gathr.app */;
			productType = "com.apple.product-type.application";
		};
		B1406E8B1B0377D80087FE6C /* GathrTests */ = {
			isa = PBXNativeTarget;
			buildConfigurationList = B1406E991B0377D80087FE6C /* Build configuration list for PBXNativeTarget "GathrTests" */;
			buildPhases = (
				B1406E881B0377D80087FE6C /* Sources */,
				B1406E891B0377D80087FE6C /* Frameworks */,
				B1406E8A1B0377D80087FE6C /* Resources */,
			);
			buildRules = (
			);
			dependencies = (
				B1406E8E1B0377D80087FE6C /* PBXTargetDependency */,
			);
			name = GathrTests;
			productName = GathrTests;
			productReference = B1406E8C1B0377D80087FE6C /* GathrTests.xctest */;
			productType = "com.apple.product-type.bundle.unit-test";
		};
/* End PBXNativeTarget section */

/* Begin PBXProject section */
		B1406E6B1B0377D80087FE6C /* Project object */ = {
			isa = PBXProject;
			attributes = {
				LastUpgradeCheck = 0630;
				ORGANIZATIONNAME = Zettanode;
				TargetAttributes = {
					B1406E721B0377D80087FE6C = {
						CreatedOnToolsVersion = 6.3.1;
					};
					B1406E8B1B0377D80087FE6C = {
						CreatedOnToolsVersion = 6.3.1;
						TestTargetID = B1406E721B0377D80087FE6C;
					};
				};
			};
			buildConfigurationList = B1406E6E1B0377D80087FE6C /* Build configuration list for PBXProject "Gathr" */;
			compatibilityVersion = "Xcode 3.2";
			developmentRegion = English;
			hasScannedForEncodings = 0;
			knownRegions = (
				en,
				Base,
			);
			mainGroup = B1406E6A1B0377D80087FE6C;
			productRefGroup = B1406E741B0377D80087FE6C /* Products */;
			projectDirPath = "";
			projectRoot = "";
			targets = (
				B1406E721B0377D80087FE6C /* Gathr */,
				B1406E8B1B0377D80087FE6C /* GathrTests */,
			);
		};
/* End PBXProject section */

/* Begin PBXResourcesBuildPhase section */
		B1406E711B0377D80087FE6C /* Resources */ = {
			isa = PBXResourcesBuildPhase;
			buildActionMask = 2147483647;
			files = (
				B128E8301B6B99B500DD368D /* Gathr Logo.png in Resources */,
				B1406E821B0377D80087FE6C /* Main.storyboard in Resources */,
				B1406E871B0377D80087FE6C /* LaunchScreen.xib in Resources */,
				B130A98C1B0B2C7D0063A394 /* Karla-Italic.ttf in Resources */,
				B130A98B1B0B2C7D0063A394 /* Karla-BoldItalic.ttf in Resources */,
				B130A98D1B0B2C7D0063A394 /* Karla-Regular.ttf in Resources */,
				B1406E841B0377D80087FE6C /* Images.xcassets in Resources */,
				B130A98A1B0B2C7D0063A394 /* Karla-Bold.ttf in Resources */,
			);
			runOnlyForDeploymentPostprocessing = 0;
		};
		B1406E8A1B0377D80087FE6C /* Resources */ = {
			isa = PBXResourcesBuildPhase;
			buildActionMask = 2147483647;
			files = (
			);
			runOnlyForDeploymentPostprocessing = 0;
		};
/* End PBXResourcesBuildPhase section */

/* Begin PBXSourcesBuildPhase section */
		B1406E6F1B0377D80087FE6C /* Sources */ = {
			isa = PBXSourcesBuildPhase;
			buildActionMask = 2147483647;
			files = (
				B1F25BC61B69059700F4E032 /* RideTheWaveButton2TableViewCell.m in Sources */,
				B12408391B30250100967513 /* WhenMenuButton3TableViewCell.m in Sources */,
				B131773B1B1F0D470059EF88 /* MenuButton3TableViewCell.m in Sources */,
				B130A9901B0B37880063A394 /* MenuButton1TableViewCell.m in Sources */,
				B15D135D1B1C2ACC004ACFA6 /* AutoCompleteTableViewCell.m in Sources */,
				B1F25BC31B68FF9200F4E032 /* RideTheWaveButton1TableViewCell.m in Sources */,
				B1406E7F1B0377D80087FE6C /* WhatWhereWhenViewController.m in Sources */,
				B1406E7C1B0377D80087FE6C /* AppDelegate.m in Sources */,
				B1D176361B579F0A004FEAD7 /* SPGooglePlacesAutocompleteUtilities.m in Sources */,
				B124083C1B30251000967513 /* WhenMenuButton4TableViewCell.m in Sources */,
				B1406E791B0377D80087FE6C /* main.m in Sources */,
				B12408331B3024D900967513 /* WhenMenuButton1TableViewCell.m in Sources */,
				B1D176341B579F0A004FEAD7 /* SPGooglePlacesAutocompletePlace.m in Sources */,
				B124083F1B3025C200967513 /* WhereAutoCompleteTableViewCell.m in Sources */,
				B1D176351B579F0A004FEAD7 /* SPGooglePlacesAutocompleteQuery.m in Sources */,
				B12F0FF21B5E1B19004037BB /* WhoViewController.m in Sources */,
				B1783FF21B6647E200B41C22 /* FriendsAutoCompleteTableViewCell.m in Sources */,
				B1D176371B579F0A004FEAD7 /* SPGooglePlacesPlaceDetailQuery.m in Sources */,
				B13177381B1F0D360059EF88 /* MenuButton2TableViewCell.m in Sources */,
				B128E83B1B6B9E9100DD368D /* InitialViewController.m in Sources */,
				B12408421B3026AB00967513 /* WhereMenuButtonTableViewCell.m in Sources */,
				B12408361B3024F100967513 /* WhenMenuButton2TableViewCell.m in Sources */,
			);
			runOnlyForDeploymentPostprocessing = 0;
		};
		B1406E881B0377D80087FE6C /* Sources */ = {
			isa = PBXSourcesBuildPhase;
			buildActionMask = 2147483647;
			files = (
				B1406E931B0377D80087FE6C /* GathrTests.m in Sources */,
			);
			runOnlyForDeploymentPostprocessing = 0;
		};
/* End PBXSourcesBuildPhase section */

/* Begin PBXTargetDependency section */
		B1406E8E1B0377D80087FE6C /* PBXTargetDependency */ = {
			isa = PBXTargetDependency;
			target = B1406E721B0377D80087FE6C /* Gathr */;
			targetProxy = B1406E8D1B0377D80087FE6C /* PBXContainerItemProxy */;
		};
/* End PBXTargetDependency section */

/* Begin PBXVariantGroup section */
		B1406E801B0377D80087FE6C /* Main.storyboard */ = {
			isa = PBXVariantGroup;
			children = (
				B1406E811B0377D80087FE6C /* Base */,
			);
			name = Main.storyboard;
			sourceTree = "<group>";
		};
		B1406E851B0377D80087FE6C /* LaunchScreen.xib */ = {
			isa = PBXVariantGroup;
			children = (
				B1406E861B0377D80087FE6C /* Base */,
			);
			name = LaunchScreen.xib;
			sourceTree = "<group>";
		};
/* End PBXVariantGroup section */

/* Begin XCBuildConfiguration section */
		B1406E941B0377D80087FE6C /* Debug */ = {
			isa = XCBuildConfiguration;
			buildSettings = {
				ALWAYS_SEARCH_USER_PATHS = NO;
				CLANG_CXX_LANGUAGE_STANDARD = "gnu++0x";
				CLANG_CXX_LIBRARY = "libc++";
				CLANG_ENABLE_MODULES = YES;
				CLANG_ENABLE_OBJC_ARC = YES;
				CLANG_WARN_BOOL_CONVERSION = YES;
				CLANG_WARN_CONSTANT_CONVERSION = YES;
				CLANG_WARN_DIRECT_OBJC_ISA_USAGE = YES_ERROR;
				CLANG_WARN_EMPTY_BODY = YES;
				CLANG_WARN_ENUM_CONVERSION = YES;
				CLANG_WARN_INT_CONVERSION = YES;
				CLANG_WARN_OBJC_ROOT_CLASS = YES_ERROR;
				CLANG_WARN_UNREACHABLE_CODE = YES;
				CLANG_WARN__DUPLICATE_METHOD_MATCH = YES;
				"CODE_SIGN_IDENTITY[sdk=iphoneos*]" = "iPhone Developer";
				COPY_PHASE_STRIP = NO;
				DEBUG_INFORMATION_FORMAT = "dwarf-with-dsym";
				ENABLE_STRICT_OBJC_MSGSEND = YES;
				GCC_C_LANGUAGE_STANDARD = gnu99;
				GCC_DYNAMIC_NO_PIC = NO;
				GCC_NO_COMMON_BLOCKS = YES;
				GCC_OPTIMIZATION_LEVEL = 0;
				GCC_PRECOMPILE_PREFIX_HEADER = YES;
				GCC_PREPROCESSOR_DEFINITIONS = (
					"DEBUG=1",
					"$(inherited)",
				);
				GCC_SYMBOLS_PRIVATE_EXTERN = NO;
				GCC_WARN_64_TO_32_BIT_CONVERSION = YES;
				GCC_WARN_ABOUT_RETURN_TYPE = YES_ERROR;
				GCC_WARN_UNDECLARED_SELECTOR = YES;
				GCC_WARN_UNINITIALIZED_AUTOS = YES_AGGRESSIVE;
				GCC_WARN_UNUSED_FUNCTION = YES;
				GCC_WARN_UNUSED_VARIABLE = YES;
				IPHONEOS_DEPLOYMENT_TARGET = 8.3;
				MTL_ENABLE_DEBUG_INFO = YES;
				ONLY_ACTIVE_ARCH = YES;
				SDKROOT = iphoneos;
			};
			name = Debug;
		};
		B1406E951B0377D80087FE6C /* Release */ = {
			isa = XCBuildConfiguration;
			buildSettings = {
				ALWAYS_SEARCH_USER_PATHS = NO;
				CLANG_CXX_LANGUAGE_STANDARD = "gnu++0x";
				CLANG_CXX_LIBRARY = "libc++";
				CLANG_ENABLE_MODULES = YES;
				CLANG_ENABLE_OBJC_ARC = YES;
				CLANG_WARN_BOOL_CONVERSION = YES;
				CLANG_WARN_CONSTANT_CONVERSION = YES;
				CLANG_WARN_DIRECT_OBJC_ISA_USAGE = YES_ERROR;
				CLANG_WARN_EMPTY_BODY = YES;
				CLANG_WARN_ENUM_CONVERSION = YES;
				CLANG_WARN_INT_CONVERSION = YES;
				CLANG_WARN_OBJC_ROOT_CLASS = YES_ERROR;
				CLANG_WARN_UNREACHABLE_CODE = YES;
				CLANG_WARN__DUPLICATE_METHOD_MATCH = YES;
				"CODE_SIGN_IDENTITY[sdk=iphoneos*]" = "iPhone Developer";
				COPY_PHASE_STRIP = NO;
				DEBUG_INFORMATION_FORMAT = "dwarf-with-dsym";
				ENABLE_NS_ASSERTIONS = NO;
				ENABLE_STRICT_OBJC_MSGSEND = YES;
				GCC_C_LANGUAGE_STANDARD = gnu99;
				GCC_NO_COMMON_BLOCKS = YES;
				GCC_PRECOMPILE_PREFIX_HEADER = YES;
				GCC_WARN_64_TO_32_BIT_CONVERSION = YES;
				GCC_WARN_ABOUT_RETURN_TYPE = YES_ERROR;
				GCC_WARN_UNDECLARED_SELECTOR = YES;
				GCC_WARN_UNINITIALIZED_AUTOS = YES_AGGRESSIVE;
				GCC_WARN_UNUSED_FUNCTION = YES;
				GCC_WARN_UNUSED_VARIABLE = YES;
				IPHONEOS_DEPLOYMENT_TARGET = 8.3;
				MTL_ENABLE_DEBUG_INFO = NO;
				SDKROOT = iphoneos;
				VALIDATE_PRODUCT = YES;
			};
			name = Release;
		};
		B1406E971B0377D80087FE6C /* Debug */ = {
			isa = XCBuildConfiguration;
			buildSettings = {
				ASSETCATALOG_COMPILER_APPICON_NAME = AppIcon;
				FRAMEWORK_SEARCH_PATHS = (
					"$(inherited)",
					/Users/Vanaja/Documents/FacebookSDK,
				);
				GCC_PRECOMPILE_PREFIX_HEADER = YES;
				INFOPLIST_FILE = Gathr/Info.plist;
				LD_RUNPATH_SEARCH_PATHS = "$(inherited) @executable_path/Frameworks";
				PRODUCT_NAME = "$(TARGET_NAME)";
			};
			name = Debug;
		};
		B1406E981B0377D80087FE6C /* Release */ = {
			isa = XCBuildConfiguration;
			buildSettings = {
				ASSETCATALOG_COMPILER_APPICON_NAME = AppIcon;
				FRAMEWORK_SEARCH_PATHS = (
					"$(inherited)",
					/Users/Vanaja/Documents/FacebookSDK,
				);
				GCC_PRECOMPILE_PREFIX_HEADER = YES;
				INFOPLIST_FILE = Gathr/Info.plist;
				LD_RUNPATH_SEARCH_PATHS = "$(inherited) @executable_path/Frameworks";
				PRODUCT_NAME = "$(TARGET_NAME)";
			};
			name = Release;
		};
		B1406E9A1B0377D80087FE6C /* Debug */ = {
			isa = XCBuildConfiguration;
			buildSettings = {
				BUNDLE_LOADER = "$(TEST_HOST)";
				FRAMEWORK_SEARCH_PATHS = (
					"$(SDKROOT)/Developer/Library/Frameworks",
					"$(inherited)",
				);
				GCC_PREPROCESSOR_DEFINITIONS = (
					"DEBUG=1",
					"$(inherited)",
				);
				INFOPLIST_FILE = GathrTests/Info.plist;
				LD_RUNPATH_SEARCH_PATHS = "$(inherited) @executable_path/Frameworks @loader_path/Frameworks";
				PRODUCT_NAME = "$(TARGET_NAME)";
				TEST_HOST = "$(BUILT_PRODUCTS_DIR)/Gathr.app/Gathr";
			};
			name = Debug;
		};
		B1406E9B1B0377D80087FE6C /* Release */ = {
			isa = XCBuildConfiguration;
			buildSettings = {
				BUNDLE_LOADER = "$(TEST_HOST)";
				FRAMEWORK_SEARCH_PATHS = (
					"$(SDKROOT)/Developer/Library/Frameworks",
					"$(inherited)",
				);
				INFOPLIST_FILE = GathrTests/Info.plist;
				LD_RUNPATH_SEARCH_PATHS = "$(inherited) @executable_path/Frameworks @loader_path/Frameworks";
				PRODUCT_NAME = "$(TARGET_NAME)";
				TEST_HOST = "$(BUILT_PRODUCTS_DIR)/Gathr.app/Gathr";
			};
			name = Release;
		};
/* End XCBuildConfiguration section */

/* Begin XCConfigurationList section */
		B1406E6E1B0377D80087FE6C /* Build configuration list for PBXProject "Gathr" */ = {
			isa = XCConfigurationList;
			buildConfigurations = (
				B1406E941B0377D80087FE6C /* Debug */,
				B1406E951B0377D80087FE6C /* Release */,
			);
			defaultConfigurationIsVisible = 0;
			defaultConfigurationName = Release;
		};
		B1406E961B0377D80087FE6C /* Build configuration list for PBXNativeTarget "Gathr" */ = {
			isa = XCConfigurationList;
			buildConfigurations = (
				B1406E971B0377D80087FE6C /* Debug */,
				B1406E981B0377D80087FE6C /* Release */,
			);
			defaultConfigurationIsVisible = 0;
			defaultConfigurationName = Release;
		};
		B1406E991B0377D80087FE6C /* Build configuration list for PBXNativeTarget "GathrTests" */ = {
			isa = XCConfigurationList;
			buildConfigurations = (
				B1406E9A1B0377D80087FE6C /* Debug */,
				B1406E9B1B0377D80087FE6C /* Release */,
			);
			defaultConfigurationIsVisible = 0;
			defaultConfigurationName = Release;
		};
/* End XCConfigurationList section */
	};
	rootObject = B1406E6B1B0377D80087FE6C /* Project object */;
}
